# THIS IS AN AUTOGENERATED FILE. DO NOT EDIT THIS FILE DIRECTLY.
# yarn lockfile v1


"@babel/runtime@^7.20.6":
  version "7.21.0"
  resolved "https://registry.npmmirror.com/@babel/runtime/-/runtime-7.21.0.tgz#5b55c9d394e5fcf304909a8b00c07dc217b56673"
  integrity sha512-xwII0//EObnq89Ji5AKYQaRYiW/nZ3llSv29d49IuxPhKbtJoLP+9QUUZ4nVragQVtaVGeZrpB+ZtG/Pdy/POw==
  dependencies:
    regenerator-runtime "^0.13.11"

"@types/node@^18.0.0":
  version "18.15.12"
  resolved "https://registry.npmmirror.com/@types/node/-/node-18.15.12.tgz#833756634e78c829e1254db006468dadbb0c696b"
  integrity sha512-Wha1UwsB3CYdqUm2PPzh/1gujGCNtWVUYF0mB00fJFoR4gTyWTDPjSm+zBF787Ahw8vSGgBja90MkgFwvB86Dg==

aac@0.1.x:
  version "0.1.3"
  resolved "https://registry.npmmirror.com/aac/-/aac-0.1.3.tgz#eb56b6b7b073cc8c43b2db027dbad33073e14a48"
  integrity sha512-mhkqrzCOMndmoQovW43ry8tkMttuvKcpU0u9/K7zI+lF5NtCY2NE+HwAPiEgd3rHK7IuBT1ZsGL+LKeCPW9btQ==

abc@0.5.x:
  version "0.5.1"
  resolved "https://registry.npmmirror.com/abc/-/abc-0.5.1.tgz#56e6a4b56ed691aada9049a7ad38825892ec61b3"
  integrity sha512-WRBP9wjuEdmzw1yFHCVf7Qp/PXSmfuUSX3FSs+5+uLG4qGKmhOPKl8LtZaG0p6xxuB6hX1tIzH4VaHL23+bU5A==

alac@0.1.x:
  version "0.1.0"
  resolved "https://registry.npmmirror.com/alac/-/alac-0.1.0.tgz#da1bf3bd5d0801d019fc389c4caf8cab85bafd13"
  integrity sha512-+NBR/Nj/5zndHO7Oz4EOE7Qj+v+hk/0edJerBhjMQRznyjfaYV6/W+tUOOlLTZ0BWWD4p6eb11KKDHoPW5LsCw==

asynckit@^0.4.0:
  version "0.4.0"
  resolved "https://registry.npmmirror.com/asynckit/-/asynckit-0.4.0.tgz#c79ed97f7f34cb8f2ba1bc9790bcc366474b4b79"
  integrity sha512-Oei9OH4tRh0YqU3GxhX79dM/mwVgvbZJaSNaRk+bshkj0S5cfHcgYakreBjrHwatXKbz+IoIdYLxrKim2MjW0Q==

automation-events@^4.0.14:
  version "4.0.25"
  resolved "https://registry.npmmirror.com/automation-events/-/automation-events-4.0.25.tgz#f38399a3069eb1b53adf2bba247e1da9e3a1de46"
  integrity sha512-er1qdVevDNfZIQt18B31GyVX/D98tI0ztZ3z/VU6PBT0hTF8Emodl8e452k2VYdoiSTvDk0xaah7MC7AfoaZfA==
  dependencies:
    "@babel/runtime" "^7.20.6"
    tslib "^2.4.1"

av@0.4.x:
  version "0.4.9"
  resolved "https://registry.npmmirror.com/av/-/av-0.4.9.tgz#8c7165f739580a541ec95071423492b3ffdc6e20"
  integrity sha512-MvkT0k+co6o+zLMrBFFeVhYcG/S/jzy+2p00c/VwA71q6g90J28qUNh93NabKrcN06bkwFK0OeiEpFsQd7TS7g==
  dependencies:
    coffeeify "^0.6.0"
  optionalDependencies:
    speaker "^0.3.0"

axios@^0.27.2:
  version "0.27.2"
  resolved "https://registry.npmmirror.com/axios/-/axios-0.27.2.tgz#207658cc8621606e586c85db4b41a750e756d972"
  integrity sha512-t+yRIyySRTp/wua5xEr+z1q60QmLq8ABsS5O9Me1AsE5dfKqgnCFzwiCZZ/cGNd1lq4/7akDWMxdhVlucjmnOQ==
  dependencies:
    follow-redirects "^1.14.9"
    form-data "^4.0.0"

bindings@^1.2.1:
  version "1.5.0"
  resolved "https://registry.npmmirror.com/bindings/-/bindings-1.5.0.tgz#10353c9e945334bc0511a6d90b38fbc7c9c504df"
  integrity sha512-p2q/t/mhvuOj/UeLlV6566GD/guowlr0hHxClI0W9m7MWYkL1F0hLo+0Aexs9HSPCtR1SXQ0TD3MMKrXZajbiQ==
  dependencies:
    file-uri-to-path "1.0.0"

coffee-script@~1.7.0:
  version "1.7.1"
  resolved "https://registry.npmmirror.com/coffee-script/-/coffee-script-1.7.1.tgz#62996a861780c75e6d5069d13822723b73404bfc"
  integrity sha512-W3s+SROY73OmrSGtPTTW/2wp2rmW5vuh0/tUuCK1NvTuyzLOVPccIP9whmhZ4cYWcr2NJPNENZIFaAMkTD5G3w==
  dependencies:
    mkdirp "~0.3.5"

coffeeify@^0.6.0:
  version "0.6.0"
  resolved "https://registry.npmmirror.com/coffeeify/-/coffeeify-0.6.0.tgz#75caba9b2e92c7836c92465c883b6acc9d894652"
  integrity sha512-nt2rZwyeqLnzdbC15ZUBnQtokHLqNnbgfpUMYzAk1Pa33hObdtXnDV0SmTj2DWbzp47MpR87ix3uKHyutnzjsg==
  dependencies:
    coffee-script "~1.7.0"
    convert-source-map "~0.3.3"
    through "~2.3.4"

combined-stream@^1.0.8:
  version "1.0.8"
  resolved "https://registry.npmmirror.com/combined-stream/-/combined-stream-1.0.8.tgz#c3d45a8b34fd730631a110a8a2520682b31d5a7f"
  integrity sha512-FQN4MRfuJeHf7cBbBMJFXhKSDq+2kAArBlmRBvcvFE5BB1HZKXtSFASDhdlz9zOYwxh8lDdnvmMOe/+5cdoEdg==
  dependencies:
    delayed-stream "~1.0.0"

convert-source-map@~0.3.3:
  version "0.3.5"
  resolved "https://registry.npmmirror.com/convert-source-map/-/convert-source-map-0.3.5.tgz#f1d802950af7dd2631a1febe0596550c86ab3190"
  integrity sha512-+4nRk0k3oEpwUB7/CalD7xE2z4VmtEnnq0GO2IPTkrooTrAhEsWvuLF5iWP1dXrwluki/azwXV1ve7gtYuPldg==

core-util-is@~1.0.0:
  version "1.0.3"
  resolved "https://registry.npmmirror.com/core-util-is/-/core-util-is-1.0.3.tgz#a6042d3634c2b27e9328f837b965fac83808db85"
  integrity sha512-ZQBvi1DcpJ4GDqanjucZ2Hj3wEO5pZDS89BWbkcrvdxksJorwUDDZamX9ldFkp9aw2lmBDLgkObEA4DWNJ9FYQ==

debug@^2.2.0:
  version "2.6.9"
  resolved "https://registry.npmmirror.com/debug/-/debug-2.6.9.tgz#5d128515df134ff327e90a4c93f4e077a536341f"
  integrity sha512-bC7ElrdJaJnPbAP+1EotYvqZsb3ecl5wi6Bfi6BJTUcNowp6cvspg0jXznRTKDjm/E7AdgFBVeAPVMNcKGsHMA==
  dependencies:
    ms "2.0.0"

delayed-stream@~1.0.0:
  version "1.0.0"
  resolved "https://registry.npmmirror.com/delayed-stream/-/delayed-stream-1.0.0.tgz#df3ae199acadfb7d440aaae0b29e2272b24ec619"
  integrity sha512-ZySD7Nf91aLB0RxL4KGrKHBXl7Eds1DAmEdcoVawXnLD7SDhpNgtuII2aAkg7a7QS41jxPSZ17p4VdGnMHk3MQ==

file-uri-to-path@1.0.0:
  version "1.0.0"
  resolved "https://registry.npmmirror.com/file-uri-to-path/-/file-uri-to-path-1.0.0.tgz#553a7b8446ff6f684359c445f1e37a05dacc33dd"
  integrity sha512-0Zt+s3L7Vf1biwWZ29aARiVYLx7iMGnEUl9x33fbB/j3jR81u/O2LbqK+Bm1CDSNDKVtJ/YjwY7TUd5SkeLQLw==

flac@0.3.x:
  version "0.3.0"
  resolved "https://registry.npmmirror.com/flac/-/flac-0.3.0.tgz#e59e410c3b4856ac97ff588a1f54304ac318933c"
  integrity sha512-52oFJru3F/aELcnDwHtqDNXxruIZH7bE3vK6xQF4ALCelCZBXFggqPsPXPilVs9L242Iz1ROrbVX0UYXJMMinw==
  dependencies:
    abc "0.5.x"
    fsa "0.5.x"

follow-redirects@^1.14.9:
  version "1.15.2"
  resolved "https://registry.npmmirror.com/follow-redirects/-/follow-redirects-1.15.2.tgz#b460864144ba63f2681096f274c4e57026da2c13"
  integrity sha512-VQLG33o04KaQ8uYi2tVNbdrWp1QWxNNea+nmIB4EVM28v0hmP17z7aG1+wAkNzVq4KeXTq3221ye5qTJP91JwA==

form-data@^4.0.0:
  version "4.0.0"
  resolved "https://registry.npmmirror.com/form-data/-/form-data-4.0.0.tgz#93919daeaf361ee529584b9b31664dc12c9fa452"
  integrity sha512-ETEklSGi5t0QMZuiXoA/Q6vcnxcLQP5vdugSpuAyi6SVGi2clPPp+xgEhuMaHC+zGgn31Kd235W35f7Hykkaww==
  dependencies:
    asynckit "^0.4.0"
    combined-stream "^1.0.8"
    mime-types "^2.1.12"

fsa@0.5.x:
  version "0.5.1"
  resolved "https://registry.npmmirror.com/fsa/-/fsa-0.5.1.tgz#c5552c80563dda02f8c683ecac9f57c1951613db"
  integrity sha512-HMdf0zJNXwP5dxROQb/ncUv+9BxuO4NM5R6/pSbUdfu5CUzMOg7+iP4tQUtBIv18PaScukzfxGIqLyJ3d9wg3Q==

inherits@~2.0.3:
  version "2.0.4"
  resolved "https://registry.npmmirror.com/inherits/-/inherits-2.0.4.tgz#0fa2c64f932917c3433a0ded55363aae37416b7c"
  integrity sha512-k/vGaX4/Yla3WzyMCvTQOXYeIHvqOKtnqBduzTHpzpQZzAskKMhZ2K+EnBiSM9zGSoIFeMpXKxa4dYeZIQqewQ==

isarray@~1.0.0:
  version "1.0.0"
  resolved "https://registry.npmmirror.com/isarray/-/isarray-1.0.0.tgz#bb935d48582cba168c06834957a54a3e07124f11"
  integrity sha512-VLghIWNM6ELQzo7zwmcg0NmTVyWKYjvIeM83yjp0wRDTmUnrM678fQbcKBo6n2CJEF0szoG//ytg+TKla89ALQ==

mime-db@1.52.0:
  version "1.52.0"
  resolved "https://registry.npmmirror.com/mime-db/-/mime-db-1.52.0.tgz#bbabcdc02859f4987301c856e3387ce5ec43bf70"
  integrity sha512-sPU4uV7dYlvtWJxwwxHD0PuihVNiE7TyAbQ5SWxDCB9mUYvOgroQOwYQQOKPJ8CIbE+1ETVlOoK1UC2nU3gYvg==

mime-types@^2.1.12:
  version "2.1.35"
  resolved "https://registry.npmmirror.com/mime-types/-/mime-types-2.1.35.tgz#381a871b62a734450660ae3deee44813f70d959a"
  integrity sha512-ZDY+bPm5zTTF+YpCrAU9nK0UgICYPT0QtT1NZWFv4s++TNkcgVaT0g6+4R2uI4MjQjzysHB1zxuWL50hzaeXiw==
  dependencies:
    mime-db "1.52.0"

mkdirp@~0.3.5:
  version "0.3.5"
  resolved "https://registry.npmmirror.com/mkdirp/-/mkdirp-0.3.5.tgz#de3e5f8961c88c787ee1368df849ac4413eca8d7"
  integrity sha512-8OCq0De/h9ZxseqzCH8Kw/Filf5pF/vMI6+BH7Lu0jXz2pqYCjTAQRolSxRIi+Ax+oCCjlxoJMP0YQ4XlrQNHg==

mp3@0.1.x:
  version "0.1.0"
  resolved "https://registry.npmmirror.com/mp3/-/mp3-0.1.0.tgz#e53e4723e34698ee3ffddcdb60bf88356a4910c1"
  integrity sha512-W9SQWAS8Gn7VvBHBSYnCIz2KAEzZccY+OAKJvO9JRRFBc0MfQ0icb7K4O9Sst/3SW1wcScC+zLNPYoiU6sSXww==

ms@2.0.0:
  version "2.0.0"
  resolved "https://registry.npmmirror.com/ms/-/ms-2.0.0.tgz#5608aeadfc00be6c2901df5f9861788de0d597c8"
  integrity sha512-Tpp60P6IUJDTuOq/5Z8cdskzJujfwqfOTkrwIwj7IRISpnkJnT6SyJ4PCPnGMoFjC9ddhal5KVIYtAt97ix05A==

nan@^2.2.0:
  version "2.17.0"
  resolved "https://registry.npmmirror.com/nan/-/nan-2.17.0.tgz#c0150a2368a182f033e9aa5195ec76ea41a199cb"
  integrity sha512-2ZTgtl0nJsO0KQCjEpxcIr5D+Yv90plTitZt9JBfQvVJDS5seMl3FOvsh3+9CoYWXf/1l5OaZzzF6nDm4cagaQ==

process-nextick-args@~2.0.0:
  version "2.0.1"
  resolved "https://registry.npmmirror.com/process-nextick-args/-/process-nextick-args-2.0.1.tgz#7820d9b16120cc55ca9ae7792680ae7dba6d7fe2"
  integrity sha512-3ouUOpQhtgrbOa17J7+uxOTpITYWaGP7/AhoR3+A+/1e9skrzelGi/dXzEYyvbxubEF6Wn2ypscTKiKJFFn1ag==

readable-stream@^2.0.5:
  version "2.3.8"
  resolved "https://registry.npmmirror.com/readable-stream/-/readable-stream-2.3.8.tgz#91125e8042bba1b9887f49345f6277027ce8be9b"
  integrity sha512-8p0AUk4XODgIewSi0l8Epjs+EVnWiK7NoDIEGU0HhE7+ZyY8D1IMY7odu5lRrFXGg71L15KG8QrPmum45RTtdA==
  dependencies:
    core-util-is "~1.0.0"
    inherits "~2.0.3"
    isarray "~1.0.0"
    process-nextick-args "~2.0.0"
    safe-buffer "~5.1.1"
    string_decoder "~1.1.1"
    util-deprecate "~1.0.1"

regenerator-runtime@^0.13.11:
  version "0.13.11"
  resolved "https://registry.npmmirror.com/regenerator-runtime/-/regenerator-runtime-0.13.11.tgz#f6dca3e7ceec20590d07ada785636a90cdca17f9"
  integrity sha512-kY1AZVr2Ra+t+piVaJ4gxaFaReZVH40AKNo7UCX6W+dEwBo/2oZJzqfuN1qLq1oL45o56cPaTXELwrTh8Fpggg==

safe-buffer@~5.1.0, safe-buffer@~5.1.1:
  version "5.1.2"
  resolved "https://registry.npmmirror.com/safe-buffer/-/safe-buffer-5.1.2.tgz#991ec69d296e0313747d59bdfd2b745c35f8828d"
  integrity sha512-Gd2UZBJDkXlY7GbJxfsE8/nvKkUEU1G38c1siN6QP6a9PT9MmHB8GnpscSmMJSoF8LOIrt8ud/wPtojys4G6+g==

speaker@^0.3.0:
  version "0.3.1"
  resolved "https://registry.npmmirror.com/speaker/-/speaker-0.3.1.tgz#19965f87b54be291554826c2c9338e0afd5b7594"
  integrity sha512-LEqSy+FHYHPZj4kX8NHylzaOmy+VIqj57enm2GS4B568hj0SdKDYa9jALCGQy43LZa/JmQk1iF0nlMVbS1PfPg==
  dependencies:
    bindings "^1.2.1"
    debug "^2.2.0"
    nan "^2.2.0"
    readable-stream "^2.0.5"

string_decoder@~1.1.1:
  version "1.1.1"
  resolved "https://registry.npmmirror.com/string_decoder/-/string_decoder-1.1.1.tgz#9cf1611ba62685d7030ae9e4ba34149c3af03fc8"
  integrity sha512-n/ShnvDi6FHbbVfviro+WojiFzv+s8MPMHBczVePfUpDJLwoLT0ht1l4YwBCbi8pJAveEEdnkHyPyTP/mzRfwg==
  dependencies:
    safe-buffer "~5.1.0"

through@~2.3.4:
  version "2.3.8"
  resolved "https://registry.npmmirror.com/through/-/through-2.3.8.tgz#0dd4c9ffaabc357960b1b724115d7e0e86a2e1f5"
  integrity sha512-w89qg7PI8wAdvX60bMDP+bFoD5Dvhm9oLheFp5O4a2QF0cSBGsBX4qZmadPMvVqlLJBBci+WqGGOAPvcDeNSVg==

tslib@^2.4.1:
  version "2.5.0"
  resolved "https://registry.npmmirror.com/tslib/-/tslib-2.5.0.tgz#42bfed86f5787aeb41d031866c8f402429e0fddf"
  integrity sha512-336iVw3rtn2BUK7ORdIAHTyxHGRIHVReokCR3XjbckJMK7ms8FysBfhLR8IXnAgy7T0PTPNBWKiH514FOW/WSg==

util-deprecate@~1.0.1:
  version "1.0.2"
  resolved "https://registry.npmmirror.com/util-deprecate/-/util-deprecate-1.0.2.tgz#450d4dc9fa70de732762fbd2d4a28981419a0ccf"
  integrity sha512-EPD5q1uXyFxJpCrLnCc1nHnq3gOa6DZBocAIiI2TaSCA7VCJ1UJDMagCzIkXNsUYfD1daK//LTEQ8xiIbrHtcw==

web-audio-api-cjs@^0.2.4:
  version "0.2.4"
  resolved "https://registry.npmmirror.com/web-audio-api-cjs/-/web-audio-api-cjs-0.2.4.tgz#b5aeae1591198cd794ef9911f3df63cb0ec90145"
  integrity sha512-hsKmxjRtaBJE+cy9OQKNvsuT6eW/E2OYCKMWlIMWccoV5D16JJjfBVokaS4oxIkapb6Ciptw1NNoPxNa0LAXSw==
  dependencies:
    aac "0.1.x"
    alac "0.1.x"
    automation-events "^4.0.14"
    av "0.4.x"
    flac "0.3.x"
    mp3 "0.1.x"

"web-audio-api@github:audiojs/web-audio-api":
  version "0.2.2"
  resolved "https://codeload.github.com/audiojs/web-audio-api/tar.gz/0ede7359f3b9fdb06108327d6c2838be52d2c63e"
  dependencies:
    aac "0.1.x"
    alac "0.1.x"
    automation-events "^4.0.14"
    av "0.4.x"
    flac "0.3.x"
    mp3 "0.1.x"
